
Microsoft Visual Studio Solution File, Format Version 12.00
# Visual Studio Version 17
VisualStudioVersion = 17.5.33516.290
MinimumVisualStudioVersion = 10.0.40219.1
Project("{FAE04EC0-301F-11D3-BF4B-00C04F79EFBC}") = "sks-toolkit", "sks-toolkit.csproj", "{5849DF92-D0D9-4761-B20A-BCAC1AB52ECC}"
EndProject
Global
	GlobalSection(SolutionConfigurationPlatforms) = preSolution
		Debug|Any CPU = Debug|Any CPU
		Release|Any CPU = Release|Any CPU
	EndGlobalSection
	GlobalSection(ProjectConfigurationPlatforms) = postSolution
		{5849DF92-D0D9-4761-B20A-BCAC1AB52ECC}.Debug|Any CPU.ActiveCfg = Debug|Any CPU
		{5849DF92-D0D9-4761-B20A-BCAC1AB52ECC}.Debug|Any CPU.Build.0 = Debug|Any CPU
		{5849DF92-D0D9-4761-B20A-BCAC1AB52ECC}.Release|Any CPU.ActiveCfg = Release|Any CPU
		{5849DF92-D0D9-4761-B20A-BCAC1AB52ECC}.Release|Any CPU.Build.0 = Release|Any CPU
	EndGlobalSection
	GlobalSection(SolutionProperties) = preSolution
		HideSolutionNode = FALSE
	EndGlobalSection
	GlobalSection(ExtensibilityGlobals) = postSolution
		SolutionGuid = {A9719F33-B198-48E6-9E17-67644A08BAC1}
	EndGlobalSection
EndGlobal
