
Microsoft Visual Studio Solution File, Format Version 12.00
# Visual Studio Version 17
VisualStudioVersion = 17.5.33516.290
MinimumVisualStudioVersion = 10.0.40219.1
Project("{FAE04EC0-301F-11D3-BF4B-00C04F79EFBC}") = "sks-toolkit", "sks-toolkit.csproj", "{426D93BB-BC53-48C8-BEAB-46B2B24114FE}"
EndProject
Global
	GlobalSection(SolutionConfigurationPlatforms) = preSolution
		Debug|Any CPU = Debug|Any CPU
		Release|Any CPU = Release|Any CPU
	EndGlobalSection
	GlobalSection(ProjectConfigurationPlatforms) = postSolution
		{426D93BB-BC53-48C8-BEAB-46B2B24114FE}.Debug|Any CPU.ActiveCfg = Debug|Any CPU
		{426D93BB-BC53-48C8-BEAB-46B2B24114FE}.Debug|Any CPU.Build.0 = Debug|Any CPU
		{426D93BB-BC53-48C8-BEAB-46B2B24114FE}.Release|Any CPU.ActiveCfg = Release|Any CPU
		{426D93BB-BC53-48C8-BEAB-46B2B24114FE}.Release|Any CPU.Build.0 = Release|Any CPU
	EndGlobalSection
	GlobalSection(SolutionProperties) = preSolution
		HideSolutionNode = FALSE
	EndGlobalSection
	GlobalSection(ExtensibilityGlobals) = postSolution
		SolutionGuid = {C04F452A-CA2E-4C9B-8A9B-CC760B361682}
	EndGlobalSection
EndGlobal
