
Microsoft Visual Studio Solution File, Format Version 12.00
# Visual Studio Version 17
VisualStudioVersion = 17.6.33815.320
MinimumVisualStudioVersion = 10.0.40219.1
Project("{FAE04EC0-301F-11D3-BF4B-00C04F79EFBC}") = "sks_toolkit", "sks_toolkit.csproj", "{B1E7B12C-0BE7-440C-89A0-E69AB127C985}"
EndProject
Global
	GlobalSection(SolutionConfigurationPlatforms) = preSolution
		Debug|Any CPU = Debug|Any CPU
		Release|Any CPU = Release|Any CPU
	EndGlobalSection
	GlobalSection(ProjectConfigurationPlatforms) = postSolution
		{B1E7B12C-0BE7-440C-89A0-E69AB127C985}.Debug|Any CPU.ActiveCfg = Debug|Any CPU
		{B1E7B12C-0BE7-440C-89A0-E69AB127C985}.Debug|Any CPU.Build.0 = Debug|Any CPU
		{B1E7B12C-0BE7-440C-89A0-E69AB127C985}.Release|Any CPU.ActiveCfg = Release|Any CPU
		{B1E7B12C-0BE7-440C-89A0-E69AB127C985}.Release|Any CPU.Build.0 = Release|Any CPU
	EndGlobalSection
	GlobalSection(SolutionProperties) = preSolution
		HideSolutionNode = FALSE
	EndGlobalSection
	GlobalSection(ExtensibilityGlobals) = postSolution
		SolutionGuid = {0FB2DF75-6233-487F-B4D3-559A5C1D14A2}
	EndGlobalSection
EndGlobal
